
Microsoft Visual Studio Solution File, Format Version 12.00
# Visual Studio Version 17
VisualStudioVersion = 17.0.32014.148
MinimumVisualStudioVersion = 10.0.40219.1
Project("{2150E333-8FDC-42A3-9474-1A3956D46DE8}") = "Lib", "Lib", "{180435C3-A1FB-4CC2-A255-3A11BA402D5D}"
EndProject
Project("{9A19103F-16F7-4668-BE54-9A1E7A4F7556}") = "XTI_Credentials", "Lib\XTI_Credentials\XTI_Credentials.csproj", "{71CA1D94-37DB-45A4-8F34-8FC9C940DD31}"
EndProject
Project("{9A19103F-16F7-4668-BE54-9A1E7A4F7556}") = "XTI_Secrets", "Lib\XTI_Secrets\XTI_Secrets.csproj", "{664B2878-BBD1-455D-937E-A6DC24423F27}"
EndProject
Project("{9A19103F-16F7-4668-BE54-9A1E7A4F7556}") = "XTI_Secrets.Fakes", "Lib\XTI_Secrets.Fakes\XTI_Secrets.Fakes.csproj", "{F61A5A0A-EFCF-4E93-90A4-B04331D2E6A6}"
EndProject
Project("{9A19103F-16F7-4668-BE54-9A1E7A4F7556}") = "XTI_Secrets.Extensions", "Lib\XTI_Secrets.Extensions\XTI_Secrets.Extensions.csproj", "{A44E11C4-9315-45EE-8674-7151CDDDE432}"
EndProject
Project("{9A19103F-16F7-4668-BE54-9A1E7A4F7556}") = "XTI_Secrets.Files", "Lib\XTI_Secrets.Files\XTI_Secrets.Files.csproj", "{4102BB51-99E9-49DC-ADC2-702582415ECE}"
EndProject
Project("{2150E333-8FDC-42A3-9474-1A3956D46DE8}") = "Tests", "Tests", "{9460A2B4-CA28-4A29-B9F1-1E5F138979FB}"
EndProject
Project("{9A19103F-16F7-4668-BE54-9A1E7A4F7556}") = "XTI_Secrets.IntegrationTests", "Tests\XTI_Secrets.IntegrationTests\XTI_Secrets.IntegrationTests.csproj", "{3ADEE0B0-56CA-4E3B-B647-E2CCA06620AF}"
EndProject
Project("{9A19103F-16F7-4668-BE54-9A1E7A4F7556}") = "XTI_Secrets.Tests", "Tests\XTI_Secrets.Tests\XTI_Secrets.Tests.csproj", "{06F2AD61-F699-411A-BCD9-F32A3E8563C0}"
EndProject
Project("{2150E333-8FDC-42A3-9474-1A3956D46DE8}") = "Solution Items", "Solution Items", "{D108F113-A4D1-4E0D-A36E-5271C9FDB4B4}"
	ProjectSection(SolutionItems) = preProject
		.gitignore = .gitignore
		Common.Targets = Common.Targets
		xti.ps1 = xti.ps1
	EndProjectSection
EndProject
Project("{2150E333-8FDC-42A3-9474-1A3956D46DE8}") = "Tools", "Tools", "{C24F44D7-EE8A-4811-95A0-6B64BD158E85}"
EndProject
Project("{9A19103F-16F7-4668-BE54-9A1E7A4F7556}") = "XTI_SecretsTool", "Tools\XTI_SecretsTool\XTI_SecretsTool.csproj", "{700C91C2-AAFA-4CBF-BC03-1E053F028C20}"
EndProject
Project("{9A19103F-16F7-4668-BE54-9A1E7A4F7556}") = "XTI_SecretsToolApi", "Lib\XTI_SecretsToolApi\XTI_SecretsToolApi.csproj", "{65E05452-1469-4DDB-B2DC-452BB50D3EAD}"
EndProject
Global
	GlobalSection(SolutionConfigurationPlatforms) = preSolution
		Debug|Any CPU = Debug|Any CPU
		Release|Any CPU = Release|Any CPU
	EndGlobalSection
	GlobalSection(ProjectConfigurationPlatforms) = postSolution
		{71CA1D94-37DB-45A4-8F34-8FC9C940DD31}.Debug|Any CPU.ActiveCfg = Debug|Any CPU
		{71CA1D94-37DB-45A4-8F34-8FC9C940DD31}.Debug|Any CPU.Build.0 = Debug|Any CPU
		{71CA1D94-37DB-45A4-8F34-8FC9C940DD31}.Release|Any CPU.ActiveCfg = Release|Any CPU
		{71CA1D94-37DB-45A4-8F34-8FC9C940DD31}.Release|Any CPU.Build.0 = Release|Any CPU
		{664B2878-BBD1-455D-937E-A6DC24423F27}.Debug|Any CPU.ActiveCfg = Debug|Any CPU
		{664B2878-BBD1-455D-937E-A6DC24423F27}.Debug|Any CPU.Build.0 = Debug|Any CPU
		{664B2878-BBD1-455D-937E-A6DC24423F27}.Release|Any CPU.ActiveCfg = Release|Any CPU
		{664B2878-BBD1-455D-937E-A6DC24423F27}.Release|Any CPU.Build.0 = Release|Any CPU
		{F61A5A0A-EFCF-4E93-90A4-B04331D2E6A6}.Debug|Any CPU.ActiveCfg = Debug|Any CPU
		{F61A5A0A-EFCF-4E93-90A4-B04331D2E6A6}.Debug|Any CPU.Build.0 = Debug|Any CPU
		{F61A5A0A-EFCF-4E93-90A4-B04331D2E6A6}.Release|Any CPU.ActiveCfg = Release|Any CPU
		{F61A5A0A-EFCF-4E93-90A4-B04331D2E6A6}.Release|Any CPU.Build.0 = Release|Any CPU
		{A44E11C4-9315-45EE-8674-7151CDDDE432}.Debug|Any CPU.ActiveCfg = Debug|Any CPU
		{A44E11C4-9315-45EE-8674-7151CDDDE432}.Debug|Any CPU.Build.0 = Debug|Any CPU
		{A44E11C4-9315-45EE-8674-7151CDDDE432}.Release|Any CPU.ActiveCfg = Release|Any CPU
		{A44E11C4-9315-45EE-8674-7151CDDDE432}.Release|Any CPU.Build.0 = Release|Any CPU
		{4102BB51-99E9-49DC-ADC2-702582415ECE}.Debug|Any CPU.ActiveCfg = Debug|Any CPU
		{4102BB51-99E9-49DC-ADC2-702582415ECE}.Debug|Any CPU.Build.0 = Debug|Any CPU
		{4102BB51-99E9-49DC-ADC2-702582415ECE}.Release|Any CPU.ActiveCfg = Release|Any CPU
		{4102BB51-99E9-49DC-ADC2-702582415ECE}.Release|Any CPU.Build.0 = Release|Any CPU
		{3ADEE0B0-56CA-4E3B-B647-E2CCA06620AF}.Debug|Any CPU.ActiveCfg = Debug|Any CPU
		{3ADEE0B0-56CA-4E3B-B647-E2CCA06620AF}.Debug|Any CPU.Build.0 = Debug|Any CPU
		{3ADEE0B0-56CA-4E3B-B647-E2CCA06620AF}.Release|Any CPU.ActiveCfg = Release|Any CPU
		{3ADEE0B0-56CA-4E3B-B647-E2CCA06620AF}.Release|Any CPU.Build.0 = Release|Any CPU
		{06F2AD61-F699-411A-BCD9-F32A3E8563C0}.Debug|Any CPU.ActiveCfg = Debug|Any CPU
		{06F2AD61-F699-411A-BCD9-F32A3E8563C0}.Debug|Any CPU.Build.0 = Debug|Any CPU
		{06F2AD61-F699-411A-BCD9-F32A3E8563C0}.Release|Any CPU.ActiveCfg = Release|Any CPU
		{06F2AD61-F699-411A-BCD9-F32A3E8563C0}.Release|Any CPU.Build.0 = Release|Any CPU
		{700C91C2-AAFA-4CBF-BC03-1E053F028C20}.Debug|Any CPU.ActiveCfg = Debug|Any CPU
		{700C91C2-AAFA-4CBF-BC03-1E053F028C20}.Debug|Any CPU.Build.0 = Debug|Any CPU
		{700C91C2-AAFA-4CBF-BC03-1E053F028C20}.Release|Any CPU.ActiveCfg = Release|Any CPU
		{700C91C2-AAFA-4CBF-BC03-1E053F028C20}.Release|Any CPU.Build.0 = Release|Any CPU
		{65E05452-1469-4DDB-B2DC-452BB50D3EAD}.Debug|Any CPU.ActiveCfg = Debug|Any CPU
		{65E05452-1469-4DDB-B2DC-452BB50D3EAD}.Debug|Any CPU.Build.0 = Debug|Any CPU
		{65E05452-1469-4DDB-B2DC-452BB50D3EAD}.Release|Any CPU.ActiveCfg = Release|Any CPU
		{65E05452-1469-4DDB-B2DC-452BB50D3EAD}.Release|Any CPU.Build.0 = Release|Any CPU
	EndGlobalSection
	GlobalSection(SolutionProperties) = preSolution
		HideSolutionNode = FALSE
	EndGlobalSection
	GlobalSection(NestedProjects) = preSolution
		{71CA1D94-37DB-45A4-8F34-8FC9C940DD31} = {180435C3-A1FB-4CC2-A255-3A11BA402D5D}
		{664B2878-BBD1-455D-937E-A6DC24423F27} = {180435C3-A1FB-4CC2-A255-3A11BA402D5D}
		{F61A5A0A-EFCF-4E93-90A4-B04331D2E6A6} = {180435C3-A1FB-4CC2-A255-3A11BA402D5D}
		{A44E11C4-9315-45EE-8674-7151CDDDE432} = {180435C3-A1FB-4CC2-A255-3A11BA402D5D}
		{4102BB51-99E9-49DC-ADC2-702582415ECE} = {180435C3-A1FB-4CC2-A255-3A11BA402D5D}
		{3ADEE0B0-56CA-4E3B-B647-E2CCA06620AF} = {9460A2B4-CA28-4A29-B9F1-1E5F138979FB}
		{06F2AD61-F699-411A-BCD9-F32A3E8563C0} = {9460A2B4-CA28-4A29-B9F1-1E5F138979FB}
		{700C91C2-AAFA-4CBF-BC03-1E053F028C20} = {C24F44D7-EE8A-4811-95A0-6B64BD158E85}
		{65E05452-1469-4DDB-B2DC-452BB50D3EAD} = {180435C3-A1FB-4CC2-A255-3A11BA402D5D}
	EndGlobalSection
	GlobalSection(ExtensibilityGlobals) = postSolution
		SolutionGuid = {195418EE-6483-4954-BF88-E7A855C02312}
	EndGlobalSection
EndGlobal
